
Microsoft Visual Studio Solution File, Format Version 12.00
# Visual Studio Version 16
VisualStudioVersion = 16.0.29728.190
MinimumVisualStudioVersion = 10.0.40219.1
Project("{FAE04EC0-301F-11D3-BF4B-00C04F79EFBC}") = "lab_1", "lab_1.csproj", "{17897858-5297-44D7-8A9D-2CD8C0193F6E}"
EndProject
Global
	GlobalSection(SolutionConfigurationPlatforms) = preSolution
		Debug|Any CPU = Debug|Any CPU
		Release|Any CPU = Release|Any CPU
	EndGlobalSection
	GlobalSection(ProjectConfigurationPlatforms) = postSolution
		{17897858-5297-44D7-8A9D-2CD8C0193F6E}.Debug|Any CPU.ActiveCfg = Debug|Any CPU
		{17897858-5297-44D7-8A9D-2CD8C0193F6E}.Debug|Any CPU.Build.0 = Debug|Any CPU
		{17897858-5297-44D7-8A9D-2CD8C0193F6E}.Release|Any CPU.ActiveCfg = Release|Any CPU
		{17897858-5297-44D7-8A9D-2CD8C0193F6E}.Release|Any CPU.Build.0 = Release|Any CPU
	EndGlobalSection
	GlobalSection(SolutionProperties) = preSolution
		HideSolutionNode = FALSE
	EndGlobalSection
	GlobalSection(ExtensibilityGlobals) = postSolution
		SolutionGuid = {911FF8EC-DCEC-43E1-B686-FD50E608F8B6}
	EndGlobalSection
EndGlobal
